
Microsoft Visual Studio Solution File, Format Version 12.00
# Visual Studio 14
VisualStudioVersion = 14.0.23107.0
MinimumVisualStudioVersion = 10.0.40219.1
Project("{2150E333-8FDC-42A3-9474-1A3956D46DE8}") = ".nuget", ".nuget", "{DFA48E27-7D53-4955-A722-3D91A7119BE7}"
	ProjectSection(SolutionItems) = preProject
		.nuget\NuGet.Config = .nuget\NuGet.Config
		.nuget\NuGet.exe = .nuget\NuGet.exe
		.nuget\NuGet.targets = .nuget\NuGet.targets
	EndProjectSection
EndProject
Project("{FAE04EC0-301F-11D3-BF4B-00C04F79EFBC}") = "LyuAdmin.Core", "LyuAdmin.Core\LyuAdmin.Core.csproj", "{17298EA0-AF73-4F30-B6F1-2066100D7D74}"
EndProject
Project("{FAE04EC0-301F-11D3-BF4B-00C04F79EFBC}") = "LyuAdmin.Application", "LyuAdmin.Application\LyuAdmin.Application.csproj", "{EDF5D964-4C0F-4F19-B674-58A38A5E5401}"
EndProject
Project("{FAE04EC0-301F-11D3-BF4B-00C04F79EFBC}") = "LyuAdmin.EntityFramework", "LyuAdmin.EntityFramework\LyuAdmin.EntityFramework.csproj", "{3979F157-DEB0-4878-AB1D-4CEF6B5A1300}"
EndProject
Project("{FAE04EC0-301F-11D3-BF4B-00C04F79EFBC}") = "LyuAdmin.Web", "LyuAdmin.Web\LyuAdmin.Web.csproj", "{897F6FD8-6F90-48E4-95A5-B4429B896205}"
EndProject
Project("{FAE04EC0-301F-11D3-BF4B-00C04F79EFBC}") = "LyuAdmin.WebApi", "LyuAdmin.WebApi\LyuAdmin.WebApi.csproj", "{5EB52D3D-09FD-463A-B02A-8D9856BD3724}"
EndProject
Project("{2150E333-8FDC-42A3-9474-1A3956D46DE8}") = "Test", "Test", "{7E85C7E5-70BD-4C9D-B052-D95955F46609}"
EndProject
Project("{FAE04EC0-301F-11D3-BF4B-00C04F79EFBC}") = "LyuAdmin.Tests", "Tests\LyuAdmin.Tests\LyuAdmin.Tests.csproj", "{C602C47E-F379-40A3-A146-4F19105B3491}"
EndProject
Project("{FAE04EC0-301F-11D3-BF4B-00C04F79EFBC}") = "Lyu.Utility", "..\LyuUtility\Lyu.Utility\Lyu.Utility\Lyu.Utility.csproj", "{A8EEE703-3DD5-4529-82D2-AC74200654D1}"
EndProject
Project("{FAE04EC0-301F-11D3-BF4B-00C04F79EFBC}") = "Lyu.Scaffolding", "..\LyuUtility\Lyu.Utility\Lyu.Scaffolding\Lyu.Scaffolding.csproj", "{6578B162-5074-423F-B2EE-32A09FB8D3B3}"
EndProject
Project("{FAE04EC0-301F-11D3-BF4B-00C04F79EFBC}") = "TwitterBootstrapMVC", "..\TwitterBootstrapMVC\TwitterBootstrapMVC\TwitterBootstrapMVC\TwitterBootstrapMVC.csproj", "{65F1C034-6DFB-44E0-A239-3E5F8ED7211E}"
EndProject
Project("{2150E333-8FDC-42A3-9474-1A3956D46DE8}") = "Library", "Library", "{0368D920-FC41-48F2-9340-B840C53BA85C}"
EndProject
Project("{2150E333-8FDC-42A3-9474-1A3956D46DE8}") = "AbpLibrary", "AbpLibrary", "{6F3256AC-08B2-42E6-A414-4F49F1C96AD9}"
EndProject
Project("{FAE04EC0-301F-11D3-BF4B-00C04F79EFBC}") = "Abp", "aspnetboilerplate-master\src\Abp\Abp.csproj", "{2C221D3B-5F54-4C5B-8082-318636415132}"
EndProject
Project("{FAE04EC0-301F-11D3-BF4B-00C04F79EFBC}") = "Abp.AutoMapper", "aspnetboilerplate-master\src\Abp.AutoMapper\Abp.AutoMapper.csproj", "{06EB5F7C-B974-4775-A305-F175D645F7C9}"
EndProject
Project("{FAE04EC0-301F-11D3-BF4B-00C04F79EFBC}") = "Abp.FluentMigrator", "aspnetboilerplate-master\src\Abp.FluentMigrator\Abp.FluentMigrator.csproj", "{908717CC-C284-4C88-A13C-32B62674845D}"
EndProject
Project("{FAE04EC0-301F-11D3-BF4B-00C04F79EFBC}") = "Abp.MemoryDb", "aspnetboilerplate-master\src\Abp.MemoryDb\Abp.MemoryDb.csproj", "{4DF45D0E-A50F-4FD0-8B4D-2548B256994F}"
EndProject
Project("{FAE04EC0-301F-11D3-BF4B-00C04F79EFBC}") = "Abp.MongoDB", "aspnetboilerplate-master\src\Abp.MongoDB\Abp.MongoDB.csproj", "{B71E5928-F956-480C-B6FF-18B65C013A59}"
EndProject
Project("{FAE04EC0-301F-11D3-BF4B-00C04F79EFBC}") = "Abp.NHibernate", "aspnetboilerplate-master\src\Abp.NHibernate\Abp.NHibernate.csproj", "{47853DCA-C058-42F4-B020-E9AC659C9204}"
EndProject
Project("{FAE04EC0-301F-11D3-BF4B-00C04F79EFBC}") = "Abp.RedisCache", "aspnetboilerplate-master\src\Abp.RedisCache\Abp.RedisCache.csproj", "{F4A8466E-4E68-4D6F-81D4-7F0892B9B5E0}"
EndProject
Project("{FAE04EC0-301F-11D3-BF4B-00C04F79EFBC}") = "Abp.Web", "aspnetboilerplate-master\src\Abp.Web\Abp.Web.csproj", "{D37C09D8-2F18-4F0B-A4D3-7A12C124E070}"
EndProject
Project("{FAE04EC0-301F-11D3-BF4B-00C04F79EFBC}") = "Abp.Web.Api", "aspnetboilerplate-master\src\Abp.Web.Api\Abp.Web.Api.csproj", "{71962F97-5E4B-465C-9A21-2153D31992CF}"
EndProject
Project("{FAE04EC0-301F-11D3-BF4B-00C04F79EFBC}") = "Abp.Web.Api.Swagger", "aspnetboilerplate-master\src\Abp.Web.Api.Swagger\Abp.Web.Api.Swagger.csproj", "{E55982CC-A18B-4BC6-9B86-59112D5B1CE7}"
EndProject
Project("{FAE04EC0-301F-11D3-BF4B-00C04F79EFBC}") = "Abp.Web.Mvc", "aspnetboilerplate-master\src\Abp.Web.Mvc\Abp.Web.Mvc.csproj", "{78FC0C9B-C5A9-4900-9A46-A8F544AC5343}"
EndProject
Project("{FAE04EC0-301F-11D3-BF4B-00C04F79EFBC}") = "Abp.Web.Resources", "aspnetboilerplate-master\src\Abp.Web.Resources\Abp.Web.Resources.csproj", "{9003DDA9-1DD5-41A1-B907-6F378767C441}"
EndProject
Project("{FAE04EC0-301F-11D3-BF4B-00C04F79EFBC}") = "Abp.Zero", "module-zero-master\src\Abp.Zero\Abp.Zero.csproj", "{70D916F2-9BFF-43DA-B3F7-3E0655114D48}"
EndProject
Project("{FAE04EC0-301F-11D3-BF4B-00C04F79EFBC}") = "Abp.Zero.EntityFramework", "module-zero-master\src\Abp.Zero.EntityFramework\Abp.Zero.EntityFramework.csproj", "{B728E703-345B-4553-A8B0-B28BB6738688}"
EndProject
Project("{FAE04EC0-301F-11D3-BF4B-00C04F79EFBC}") = "Abp.Zero.Ldap", "module-zero-master\src\Abp.Zero.Ldap\Abp.Zero.Ldap.csproj", "{587409A2-2470-4CC4-8F81-DB0A2B3E57A5}"
EndProject
Project("{FAE04EC0-301F-11D3-BF4B-00C04F79EFBC}") = "Abp.Zero.NHibernate", "module-zero-master\src\Abp.Zero.NHibernate\Abp.Zero.NHibernate.csproj", "{C43A88EE-1537-40BB-8154-4271E6AAD919}"
EndProject
Project("{FAE04EC0-301F-11D3-BF4B-00C04F79EFBC}") = "Abp.EntityFramework", "aspnetboilerplate-master\src\Abp.EntityFramework\Abp.EntityFramework.csproj", "{948F0CAF-3382-4E03-9A0F-0DDB206FE40D}"
EndProject
Global
	GlobalSection(SolutionConfigurationPlatforms) = preSolution
		Debug|Any CPU = Debug|Any CPU
		Release|Any CPU = Release|Any CPU
	EndGlobalSection
	GlobalSection(ProjectConfigurationPlatforms) = postSolution
		{17298EA0-AF73-4F30-B6F1-2066100D7D74}.Debug|Any CPU.ActiveCfg = Debug|Any CPU
		{17298EA0-AF73-4F30-B6F1-2066100D7D74}.Debug|Any CPU.Build.0 = Debug|Any CPU
		{17298EA0-AF73-4F30-B6F1-2066100D7D74}.Release|Any CPU.ActiveCfg = Release|Any CPU
		{17298EA0-AF73-4F30-B6F1-2066100D7D74}.Release|Any CPU.Build.0 = Release|Any CPU
		{EDF5D964-4C0F-4F19-B674-58A38A5E5401}.Debug|Any CPU.ActiveCfg = Debug|Any CPU
		{EDF5D964-4C0F-4F19-B674-58A38A5E5401}.Debug|Any CPU.Build.0 = Debug|Any CPU
		{EDF5D964-4C0F-4F19-B674-58A38A5E5401}.Release|Any CPU.ActiveCfg = Release|Any CPU
		{EDF5D964-4C0F-4F19-B674-58A38A5E5401}.Release|Any CPU.Build.0 = Release|Any CPU
		{3979F157-DEB0-4878-AB1D-4CEF6B5A1300}.Debug|Any CPU.ActiveCfg = Debug|Any CPU
		{3979F157-DEB0-4878-AB1D-4CEF6B5A1300}.Debug|Any CPU.Build.0 = Debug|Any CPU
		{3979F157-DEB0-4878-AB1D-4CEF6B5A1300}.Release|Any CPU.ActiveCfg = Release|Any CPU
		{3979F157-DEB0-4878-AB1D-4CEF6B5A1300}.Release|Any CPU.Build.0 = Release|Any CPU
		{897F6FD8-6F90-48E4-95A5-B4429B896205}.Debug|Any CPU.ActiveCfg = Debug|Any CPU
		{897F6FD8-6F90-48E4-95A5-B4429B896205}.Debug|Any CPU.Build.0 = Debug|Any CPU
		{897F6FD8-6F90-48E4-95A5-B4429B896205}.Release|Any CPU.ActiveCfg = Release|Any CPU
		{897F6FD8-6F90-48E4-95A5-B4429B896205}.Release|Any CPU.Build.0 = Release|Any CPU
		{5EB52D3D-09FD-463A-B02A-8D9856BD3724}.Debug|Any CPU.ActiveCfg = Debug|Any CPU
		{5EB52D3D-09FD-463A-B02A-8D9856BD3724}.Debug|Any CPU.Build.0 = Debug|Any CPU
		{5EB52D3D-09FD-463A-B02A-8D9856BD3724}.Release|Any CPU.ActiveCfg = Release|Any CPU
		{5EB52D3D-09FD-463A-B02A-8D9856BD3724}.Release|Any CPU.Build.0 = Release|Any CPU
		{C602C47E-F379-40A3-A146-4F19105B3491}.Debug|Any CPU.ActiveCfg = Debug|Any CPU
		{C602C47E-F379-40A3-A146-4F19105B3491}.Debug|Any CPU.Build.0 = Debug|Any CPU
		{C602C47E-F379-40A3-A146-4F19105B3491}.Release|Any CPU.ActiveCfg = Release|Any CPU
		{C602C47E-F379-40A3-A146-4F19105B3491}.Release|Any CPU.Build.0 = Release|Any CPU
		{A8EEE703-3DD5-4529-82D2-AC74200654D1}.Debug|Any CPU.ActiveCfg = Debug|Any CPU
		{A8EEE703-3DD5-4529-82D2-AC74200654D1}.Debug|Any CPU.Build.0 = Debug|Any CPU
		{A8EEE703-3DD5-4529-82D2-AC74200654D1}.Release|Any CPU.ActiveCfg = Release|Any CPU
		{A8EEE703-3DD5-4529-82D2-AC74200654D1}.Release|Any CPU.Build.0 = Release|Any CPU
		{6578B162-5074-423F-B2EE-32A09FB8D3B3}.Debug|Any CPU.ActiveCfg = Debug|Any CPU
		{6578B162-5074-423F-B2EE-32A09FB8D3B3}.Debug|Any CPU.Build.0 = Debug|Any CPU
		{6578B162-5074-423F-B2EE-32A09FB8D3B3}.Release|Any CPU.ActiveCfg = Release|Any CPU
		{6578B162-5074-423F-B2EE-32A09FB8D3B3}.Release|Any CPU.Build.0 = Release|Any CPU
		{65F1C034-6DFB-44E0-A239-3E5F8ED7211E}.Debug|Any CPU.ActiveCfg = Debug|Any CPU
		{65F1C034-6DFB-44E0-A239-3E5F8ED7211E}.Debug|Any CPU.Build.0 = Debug|Any CPU
		{65F1C034-6DFB-44E0-A239-3E5F8ED7211E}.Release|Any CPU.ActiveCfg = Release|Any CPU
		{65F1C034-6DFB-44E0-A239-3E5F8ED7211E}.Release|Any CPU.Build.0 = Release|Any CPU
		{2C221D3B-5F54-4C5B-8082-318636415132}.Debug|Any CPU.ActiveCfg = Debug|Any CPU
		{2C221D3B-5F54-4C5B-8082-318636415132}.Debug|Any CPU.Build.0 = Debug|Any CPU
		{2C221D3B-5F54-4C5B-8082-318636415132}.Release|Any CPU.ActiveCfg = Release|Any CPU
		{2C221D3B-5F54-4C5B-8082-318636415132}.Release|Any CPU.Build.0 = Release|Any CPU
		{06EB5F7C-B974-4775-A305-F175D645F7C9}.Debug|Any CPU.ActiveCfg = Debug|Any CPU
		{06EB5F7C-B974-4775-A305-F175D645F7C9}.Debug|Any CPU.Build.0 = Debug|Any CPU
		{06EB5F7C-B974-4775-A305-F175D645F7C9}.Release|Any CPU.ActiveCfg = Release|Any CPU
		{06EB5F7C-B974-4775-A305-F175D645F7C9}.Release|Any CPU.Build.0 = Release|Any CPU
		{908717CC-C284-4C88-A13C-32B62674845D}.Debug|Any CPU.ActiveCfg = Debug|Any CPU
		{908717CC-C284-4C88-A13C-32B62674845D}.Debug|Any CPU.Build.0 = Debug|Any CPU
		{908717CC-C284-4C88-A13C-32B62674845D}.Release|Any CPU.ActiveCfg = Release|Any CPU
		{908717CC-C284-4C88-A13C-32B62674845D}.Release|Any CPU.Build.0 = Release|Any CPU
		{4DF45D0E-A50F-4FD0-8B4D-2548B256994F}.Debug|Any CPU.ActiveCfg = Debug|Any CPU
		{4DF45D0E-A50F-4FD0-8B4D-2548B256994F}.Debug|Any CPU.Build.0 = Debug|Any CPU
		{4DF45D0E-A50F-4FD0-8B4D-2548B256994F}.Release|Any CPU.ActiveCfg = Release|Any CPU
		{4DF45D0E-A50F-4FD0-8B4D-2548B256994F}.Release|Any CPU.Build.0 = Release|Any CPU
		{B71E5928-F956-480C-B6FF-18B65C013A59}.Debug|Any CPU.ActiveCfg = Debug|Any CPU
		{B71E5928-F956-480C-B6FF-18B65C013A59}.Debug|Any CPU.Build.0 = Debug|Any CPU
		{B71E5928-F956-480C-B6FF-18B65C013A59}.Release|Any CPU.ActiveCfg = Release|Any CPU
		{B71E5928-F956-480C-B6FF-18B65C013A59}.Release|Any CPU.Build.0 = Release|Any CPU
		{47853DCA-C058-42F4-B020-E9AC659C9204}.Debug|Any CPU.ActiveCfg = Debug|Any CPU
		{47853DCA-C058-42F4-B020-E9AC659C9204}.Debug|Any CPU.Build.0 = Debug|Any CPU
		{47853DCA-C058-42F4-B020-E9AC659C9204}.Release|Any CPU.ActiveCfg = Release|Any CPU
		{47853DCA-C058-42F4-B020-E9AC659C9204}.Release|Any CPU.Build.0 = Release|Any CPU
		{F4A8466E-4E68-4D6F-81D4-7F0892B9B5E0}.Debug|Any CPU.ActiveCfg = Debug|Any CPU
		{F4A8466E-4E68-4D6F-81D4-7F0892B9B5E0}.Debug|Any CPU.Build.0 = Debug|Any CPU
		{F4A8466E-4E68-4D6F-81D4-7F0892B9B5E0}.Release|Any CPU.ActiveCfg = Release|Any CPU
		{F4A8466E-4E68-4D6F-81D4-7F0892B9B5E0}.Release|Any CPU.Build.0 = Release|Any CPU
		{D37C09D8-2F18-4F0B-A4D3-7A12C124E070}.Debug|Any CPU.ActiveCfg = Debug|Any CPU
		{D37C09D8-2F18-4F0B-A4D3-7A12C124E070}.Debug|Any CPU.Build.0 = Debug|Any CPU
		{D37C09D8-2F18-4F0B-A4D3-7A12C124E070}.Release|Any CPU.ActiveCfg = Release|Any CPU
		{D37C09D8-2F18-4F0B-A4D3-7A12C124E070}.Release|Any CPU.Build.0 = Release|Any CPU
		{71962F97-5E4B-465C-9A21-2153D31992CF}.Debug|Any CPU.ActiveCfg = Debug|Any CPU
		{71962F97-5E4B-465C-9A21-2153D31992CF}.Debug|Any CPU.Build.0 = Debug|Any CPU
		{71962F97-5E4B-465C-9A21-2153D31992CF}.Release|Any CPU.ActiveCfg = Release|Any CPU
		{71962F97-5E4B-465C-9A21-2153D31992CF}.Release|Any CPU.Build.0 = Release|Any CPU
		{E55982CC-A18B-4BC6-9B86-59112D5B1CE7}.Debug|Any CPU.ActiveCfg = Debug|Any CPU
		{E55982CC-A18B-4BC6-9B86-59112D5B1CE7}.Debug|Any CPU.Build.0 = Debug|Any CPU
		{E55982CC-A18B-4BC6-9B86-59112D5B1CE7}.Release|Any CPU.ActiveCfg = Release|Any CPU
		{E55982CC-A18B-4BC6-9B86-59112D5B1CE7}.Release|Any CPU.Build.0 = Release|Any CPU
		{78FC0C9B-C5A9-4900-9A46-A8F544AC5343}.Debug|Any CPU.ActiveCfg = Debug|Any CPU
		{78FC0C9B-C5A9-4900-9A46-A8F544AC5343}.Debug|Any CPU.Build.0 = Debug|Any CPU
		{78FC0C9B-C5A9-4900-9A46-A8F544AC5343}.Release|Any CPU.ActiveCfg = Release|Any CPU
		{78FC0C9B-C5A9-4900-9A46-A8F544AC5343}.Release|Any CPU.Build.0 = Release|Any CPU
		{9003DDA9-1DD5-41A1-B907-6F378767C441}.Debug|Any CPU.ActiveCfg = Debug|Any CPU
		{9003DDA9-1DD5-41A1-B907-6F378767C441}.Debug|Any CPU.Build.0 = Debug|Any CPU
		{9003DDA9-1DD5-41A1-B907-6F378767C441}.Release|Any CPU.ActiveCfg = Release|Any CPU
		{9003DDA9-1DD5-41A1-B907-6F378767C441}.Release|Any CPU.Build.0 = Release|Any CPU
		{70D916F2-9BFF-43DA-B3F7-3E0655114D48}.Debug|Any CPU.ActiveCfg = Debug|Any CPU
		{70D916F2-9BFF-43DA-B3F7-3E0655114D48}.Debug|Any CPU.Build.0 = Debug|Any CPU
		{70D916F2-9BFF-43DA-B3F7-3E0655114D48}.Release|Any CPU.ActiveCfg = Release|Any CPU
		{70D916F2-9BFF-43DA-B3F7-3E0655114D48}.Release|Any CPU.Build.0 = Release|Any CPU
		{B728E703-345B-4553-A8B0-B28BB6738688}.Debug|Any CPU.ActiveCfg = Debug|Any CPU
		{B728E703-345B-4553-A8B0-B28BB6738688}.Debug|Any CPU.Build.0 = Debug|Any CPU
		{B728E703-345B-4553-A8B0-B28BB6738688}.Release|Any CPU.ActiveCfg = Release|Any CPU
		{B728E703-345B-4553-A8B0-B28BB6738688}.Release|Any CPU.Build.0 = Release|Any CPU
		{587409A2-2470-4CC4-8F81-DB0A2B3E57A5}.Debug|Any CPU.ActiveCfg = Debug|Any CPU
		{587409A2-2470-4CC4-8F81-DB0A2B3E57A5}.Debug|Any CPU.Build.0 = Debug|Any CPU
		{587409A2-2470-4CC4-8F81-DB0A2B3E57A5}.Release|Any CPU.ActiveCfg = Release|Any CPU
		{587409A2-2470-4CC4-8F81-DB0A2B3E57A5}.Release|Any CPU.Build.0 = Release|Any CPU
		{C43A88EE-1537-40BB-8154-4271E6AAD919}.Debug|Any CPU.ActiveCfg = Debug|Any CPU
		{C43A88EE-1537-40BB-8154-4271E6AAD919}.Debug|Any CPU.Build.0 = Debug|Any CPU
		{C43A88EE-1537-40BB-8154-4271E6AAD919}.Release|Any CPU.ActiveCfg = Release|Any CPU
		{C43A88EE-1537-40BB-8154-4271E6AAD919}.Release|Any CPU.Build.0 = Release|Any CPU
		{948F0CAF-3382-4E03-9A0F-0DDB206FE40D}.Debug|Any CPU.ActiveCfg = Debug|Any CPU
		{948F0CAF-3382-4E03-9A0F-0DDB206FE40D}.Debug|Any CPU.Build.0 = Debug|Any CPU
		{948F0CAF-3382-4E03-9A0F-0DDB206FE40D}.Release|Any CPU.ActiveCfg = Release|Any CPU
		{948F0CAF-3382-4E03-9A0F-0DDB206FE40D}.Release|Any CPU.Build.0 = Release|Any CPU
	EndGlobalSection
	GlobalSection(SolutionProperties) = preSolution
		HideSolutionNode = FALSE
	EndGlobalSection
	GlobalSection(NestedProjects) = preSolution
		{C602C47E-F379-40A3-A146-4F19105B3491} = {7E85C7E5-70BD-4C9D-B052-D95955F46609}
		{A8EEE703-3DD5-4529-82D2-AC74200654D1} = {0368D920-FC41-48F2-9340-B840C53BA85C}
		{6578B162-5074-423F-B2EE-32A09FB8D3B3} = {0368D920-FC41-48F2-9340-B840C53BA85C}
		{65F1C034-6DFB-44E0-A239-3E5F8ED7211E} = {0368D920-FC41-48F2-9340-B840C53BA85C}
		{2C221D3B-5F54-4C5B-8082-318636415132} = {6F3256AC-08B2-42E6-A414-4F49F1C96AD9}
		{06EB5F7C-B974-4775-A305-F175D645F7C9} = {6F3256AC-08B2-42E6-A414-4F49F1C96AD9}
		{908717CC-C284-4C88-A13C-32B62674845D} = {6F3256AC-08B2-42E6-A414-4F49F1C96AD9}
		{4DF45D0E-A50F-4FD0-8B4D-2548B256994F} = {6F3256AC-08B2-42E6-A414-4F49F1C96AD9}
		{B71E5928-F956-480C-B6FF-18B65C013A59} = {6F3256AC-08B2-42E6-A414-4F49F1C96AD9}
		{47853DCA-C058-42F4-B020-E9AC659C9204} = {6F3256AC-08B2-42E6-A414-4F49F1C96AD9}
		{F4A8466E-4E68-4D6F-81D4-7F0892B9B5E0} = {6F3256AC-08B2-42E6-A414-4F49F1C96AD9}
		{D37C09D8-2F18-4F0B-A4D3-7A12C124E070} = {6F3256AC-08B2-42E6-A414-4F49F1C96AD9}
		{71962F97-5E4B-465C-9A21-2153D31992CF} = {6F3256AC-08B2-42E6-A414-4F49F1C96AD9}
		{E55982CC-A18B-4BC6-9B86-59112D5B1CE7} = {6F3256AC-08B2-42E6-A414-4F49F1C96AD9}
		{78FC0C9B-C5A9-4900-9A46-A8F544AC5343} = {6F3256AC-08B2-42E6-A414-4F49F1C96AD9}
		{9003DDA9-1DD5-41A1-B907-6F378767C441} = {6F3256AC-08B2-42E6-A414-4F49F1C96AD9}
		{70D916F2-9BFF-43DA-B3F7-3E0655114D48} = {6F3256AC-08B2-42E6-A414-4F49F1C96AD9}
		{B728E703-345B-4553-A8B0-B28BB6738688} = {6F3256AC-08B2-42E6-A414-4F49F1C96AD9}
		{587409A2-2470-4CC4-8F81-DB0A2B3E57A5} = {6F3256AC-08B2-42E6-A414-4F49F1C96AD9}
		{C43A88EE-1537-40BB-8154-4271E6AAD919} = {6F3256AC-08B2-42E6-A414-4F49F1C96AD9}
		{948F0CAF-3382-4E03-9A0F-0DDB206FE40D} = {6F3256AC-08B2-42E6-A414-4F49F1C96AD9}
	EndGlobalSection
EndGlobal
